
Microsoft Visual Studio Solution File, Format Version 12.00
# Visual Studio 15
VisualStudioVersion = 15.0.28010.2046
MinimumVisualStudioVersion = 10.0.40219.1
Project("{FAE04EC0-301F-11D3-BF4B-00C04F79EFBC}") = "ToDoApi", "ToDoApi\ToDoApi.csproj", "{8956596D-9D58-4B4E-B13E-1AC614F74B03}"
EndProject
Global
	GlobalSection(SolutionConfigurationPlatforms) = preSolution
		Debug|Any CPU = Debug|Any CPU
		Release|Any CPU = Release|Any CPU
	EndGlobalSection
	GlobalSection(ProjectConfigurationPlatforms) = postSolution
		{8956596D-9D58-4B4E-B13E-1AC614F74B03}.Debug|Any CPU.ActiveCfg = Debug|Any CPU
		{8956596D-9D58-4B4E-B13E-1AC614F74B03}.Debug|Any CPU.Build.0 = Debug|Any CPU
		{8956596D-9D58-4B4E-B13E-1AC614F74B03}.Release|Any CPU.ActiveCfg = Release|Any CPU
		{8956596D-9D58-4B4E-B13E-1AC614F74B03}.Release|Any CPU.Build.0 = Release|Any CPU
	EndGlobalSection
	GlobalSection(SolutionProperties) = preSolution
		HideSolutionNode = FALSE
	EndGlobalSection
	GlobalSection(ExtensibilityGlobals) = postSolution
		SolutionGuid = {6B748402-F49F-416D-9A79-545960F995D3}
	EndGlobalSection
EndGlobal
